// !$*UTF8*$!
{
	archiveVersion = 1;
	classes = {
	};
	objectVersion = 46;
	objects = {

/* Begin PBXBuildFile section */
		B4B18B581E70E9450044C642 /* AppDelegate.swift in Sources */ = {isa = PBXBuildFile; fileRef = B4B18B571E70E9450044C642 /* AppDelegate.swift */; };
		B4B18B5A1E70E9450044C642 /* ViewController.swift in Sources */ = {isa = PBXBuildFile; fileRef = B4B18B591E70E9450044C642 /* ViewController.swift */; };
		B4B18B5D1E70E9450044C642 /* Main.storyboard in Resources */ = {isa = PBXBuildFile; fileRef = B4B18B5B1E70E9450044C642 /* Main.storyboard */; };
		B4B18B5F1E70E9450044C642 /* Assets.xcassets in Resources */ = {isa = PBXBuildFile; fileRef = B4B18B5E1E70E9450044C642 /* Assets.xcassets */; };
		B4B18B621E70E9450044C642 /* LaunchScreen.storyboard in Resources */ = {isa = PBXBuildFile; fileRef = B4B18B601E70E9450044C642 /* LaunchScreen.storyboard */; };
		B4B18B6D1E70E9450044C642 /* PuzzleGameTests.swift in Sources */ = {isa = PBXBuildFile; fileRef = B4B18B6C1E70E9450044C642 /* PuzzleGameTests.swift */; };
		B4B18B781E70E9450044C642 /* PuzzleGameUITests.swift in Sources */ = {isa = PBXBuildFile; fileRef = B4B18B771E70E9450044C642 /* PuzzleGameUITests.swift */; };
		B4B18B861E70E9AE0044C642 /* Puzzle.swift in Sources */ = {isa = PBXBuildFile; fileRef = B4B18B851E70E9AE0044C642 /* Puzzle.swift */; };
		B4B18B881E70F20C0044C642 /* PuzzleView.swift in Sources */ = {isa = PBXBuildFile; fileRef = B4B18B871E70F20C0044C642 /* PuzzleView.swift */; };
/* End PBXBuildFile section */

/* Begin PBXContainerItemProxy section */
		B4B18B691E70E9450044C642 /* PBXContainerItemProxy */ = {
			isa = PBXContainerItemProxy;
			containerPortal = B4B18B4C1E70E9450044C642 /* Project object */;
			proxyType = 1;
			remoteGlobalIDString = B4B18B531E70E9450044C642;
			remoteInfo = PuzzleGame;
		};
		B4B18B741E70E9450044C642 /* PBXContainerItemProxy */ = {
			isa = PBXContainerItemProxy;
			containerPortal = B4B18B4C1E70E9450044C642 /* Project object */;
			proxyType = 1;
			remoteGlobalIDString = B4B18B531E70E9450044C642;
			remoteInfo = PuzzleGame;
		};
/* End PBXContainerItemProxy section */

/* Begin PBXFileReference section */
		B4B18B541E70E9450044C642 /* PuzzleGame.app */ = {isa = PBXFileReference; explicitFileType = wrapper.application; includeInIndex = 0; path = PuzzleGame.app; sourceTree = BUILT_PRODUCTS_DIR; };
		B4B18B571E70E9450044C642 /* AppDelegate.swift */ = {isa = PBXFileReference; lastKnownFileType = sourcecode.swift; path = AppDelegate.swift; sourceTree = "<group>"; };
		B4B18B591E70E9450044C642 /* ViewController.swift */ = {isa = PBXFileReference; lastKnownFileType = sourcecode.swift; path = ViewController.swift; sourceTree = "<group>"; };
		B4B18B5C1E70E9450044C642 /* Base */ = {isa = PBXFileReference; lastKnownFileType = file.storyboard; name = Base; path = Base.lproj/Main.storyboard; sourceTree = "<group>"; };
		B4B18B5E1E70E9450044C642 /* Assets.xcassets */ = {isa = PBXFileReference; lastKnownFileType = folder.assetcatalog; path = Assets.xcassets; sourceTree = "<group>"; };
		B4B18B611E70E9450044C642 /* Base */ = {isa = PBXFileReference; lastKnownFileType = file.storyboard; name = Base; path = Base.lproj/LaunchScreen.storyboard; sourceTree = "<group>"; };
		B4B18B631E70E9450044C642 /* Info.plist */ = {isa = PBXFileReference; lastKnownFileType = text.plist.xml; path = Info.plist; sourceTree = "<group>"; };
		B4B18B681E70E9450044C642 /* PuzzleGameTests.xctest */ = {isa = PBXFileReference; explicitFileType = wrapper.cfbundle; includeInIndex = 0; path = PuzzleGameTests.xctest; sourceTree = BUILT_PRODUCTS_DIR; };
		B4B18B6C1E70E9450044C642 /* PuzzleGameTests.swift */ = {isa = PBXFileReference; lastKnownFileType = sourcecode.swift; path = PuzzleGameTests.swift; sourceTree = "<group>"; };
		B4B18B6E1E70E9450044C642 /* Info.plist */ = {isa = PBXFileReference; lastKnownFileType = text.plist.xml; path = Info.plist; sourceTree = "<group>"; };
		B4B18B731E70E9450044C642 /* PuzzleGameUITests.xctest */ = {isa = PBXFileReference; explicitFileType = wrapper.cfbundle; includeInIndex = 0; path = PuzzleGameUITests.xctest; sourceTree = BUILT_PRODUCTS_DIR; };
		B4B18B771E70E9450044C642 /* PuzzleGameUITests.swift */ = {isa = PBXFileReference; lastKnownFileType = sourcecode.swift; path = PuzzleGameUITests.swift; sourceTree = "<group>"; };
		B4B18B791E70E9450044C642 /* Info.plist */ = {isa = PBXFileReference; lastKnownFileType = text.plist.xml; path = Info.plist; sourceTree = "<group>"; };
		B4B18B851E70E9AE0044C642 /* Puzzle.swift */ = {isa = PBXFileReference; fileEncoding = 4; lastKnownFileType = sourcecode.swift; path = Puzzle.swift; sourceTree = "<group>"; };
		B4B18B871E70F20C0044C642 /* PuzzleView.swift */ = {isa = PBXFileReference; fileEncoding = 4; lastKnownFileType = sourcecode.swift; path = PuzzleView.swift; sourceTree = "<group>"; };
/* End PBXFileReference section */

/* Begin PBXFrameworksBuildPhase section */
		B4B18B511E70E9450044C642 /* Frameworks */ = {
			isa = PBXFrameworksBuildPhase;
			buildActionMask = 2147483647;
			files = (
			);
			runOnlyForDeploymentPostprocessing = 0;
		};
		B4B18B651E70E9450044C642 /* Frameworks */ = {
			isa = PBXFrameworksBuildPhase;
			buildActionMask = 2147483647;
			files = (
			);
			runOnlyForDeploymentPostprocessing = 0;
		};
		B4B18B701E70E9450044C642 /* Frameworks */ = {
			isa = PBXFrameworksBuildPhase;
			buildActionMask = 2147483647;
			files = (
			);
			runOnlyForDeploymentPostprocessing = 0;
		};
/* End PBXFrameworksBuildPhase section */

/* Begin PBXGroup section */
		B4B18B4B1E70E9450044C642 = {
			isa = PBXGroup;
			children = (
				B4B18B561E70E9450044C642 /* PuzzleGame */,
				B4B18B6B1E70E9450044C642 /* PuzzleGameTests */,
				B4B18B761E70E9450044C642 /* PuzzleGameUITests */,
				B4B18B551E70E9450044C642 /* Products */,
			);
			sourceTree = "<group>";
		};
		B4B18B551E70E9450044C642 /* Products */ = {
			isa = PBXGroup;
			children = (
				B4B18B541E70E9450044C642 /* PuzzleGame.app */,
				B4B18B681E70E9450044C642 /* PuzzleGameTests.xctest */,
				B4B18B731E70E9450044C642 /* PuzzleGameUITests.xctest */,
			);
			name = Products;
			sourceTree = "<group>";
		};
		B4B18B561E70E9450044C642 /* PuzzleGame */ = {
			isa = PBXGroup;
			children = (
				B4B18B571E70E9450044C642 /* AppDelegate.swift */,
				B4B18B591E70E9450044C642 /* ViewController.swift */,
				B4B18B851E70E9AE0044C642 /* Puzzle.swift */,
				B4B18B871E70F20C0044C642 /* PuzzleView.swift */,
				B4B18B5B1E70E9450044C642 /* Main.storyboard */,
				B4B18B5E1E70E9450044C642 /* Assets.xcassets */,
				B4B18B601E70E9450044C642 /* LaunchScreen.storyboard */,
				B4B18B631E70E9450044C642 /* Info.plist */,
			);
			path = PuzzleGame;
			sourceTree = "<group>";
		};
		B4B18B6B1E70E9450044C642 /* PuzzleGameTests */ = {
			isa = PBXGroup;
			children = (
				B4B18B6C1E70E9450044C642 /* PuzzleGameTests.swift */,
				B4B18B6E1E70E9450044C642 /* Info.plist */,
			);
			path = PuzzleGameTests;
			sourceTree = "<group>";
		};
		B4B18B761E70E9450044C642 /* PuzzleGameUITests */ = {
			isa = PBXGroup;
			children = (
				B4B18B771E70E9450044C642 /* PuzzleGameUITests.swift */,
				B4B18B791E70E9450044C642 /* Info.plist */,
			);
			path = PuzzleGameUITests;
			sourceTree = "<group>";
		};
/* End PBXGroup section */

/* Begin PBXNativeTarget section */
		B4B18B531E70E9450044C642 /* PuzzleGame */ = {
			isa = PBXNativeTarget;
			buildConfigurationList = B4B18B7C1E70E9450044C642 /* Build configuration list for PBXNativeTarget "PuzzleGame" */;
			buildPhases = (
				B4B18B501E70E9450044C642 /* Sources */,
				B4B18B511E70E9450044C642 /* Frameworks */,
				B4B18B521E70E9450044C642 /* Resources */,
			);
			buildRules = (
			);
			dependencies = (
			);
			name = PuzzleGame;
			productName = PuzzleGame;
			productReference = B4B18B541E70E9450044C642 /* PuzzleGame.app */;
			productType = "com.apple.product-type.application";
		};
		B4B18B671E70E9450044C642 /* PuzzleGameTests */ = {
			isa = PBXNativeTarget;
			buildConfigurationList = B4B18B7F1E70E9450044C642 /* Build configuration list for PBXNativeTarget "PuzzleGameTests" */;
			buildPhases = (
				B4B18B641E70E9450044C642 /* Sources */,
				B4B18B651E70E9450044C642 /* Frameworks */,
				B4B18B661E70E9450044C642 /* Resources */,
			);
			buildRules = (
			);
			dependencies = (
				B4B18B6A1E70E9450044C642 /* PBXTargetDependency */,
			);
			name = PuzzleGameTests;
			productName = PuzzleGameTests;
			productReference = B4B18B681E70E9450044C642 /* PuzzleGameTests.xctest */;
			productType = "com.apple.product-type.bundle.unit-test";
		};
		B4B18B721E70E9450044C642 /* PuzzleGameUITests */ = {
			isa = PBXNativeTarget;
			buildConfigurationList = B4B18B821E70E9450044C642 /* Build configuration list for PBXNativeTarget "PuzzleGameUITests" */;
			buildPhases = (
				B4B18B6F1E70E9450044C642 /* Sources */,
				B4B18B701E70E9450044C642 /* Frameworks */,
				B4B18B711E70E9450044C642 /* Resources */,
			);
			buildRules = (
			);
			dependencies = (
				B4B18B751E70E9450044C642 /* PBXTargetDependency */,
			);
			name = PuzzleGameUITests;
			productName = PuzzleGameUITests;
			productReference = B4B18B731E70E9450044C642 /* PuzzleGameUITests.xctest */;
			productType = "com.apple.product-type.bundle.ui-testing";
		};
/* End PBXNativeTarget section */

/* Begin PBXProject section */
		B4B18B4C1E70E9450044C642 /* Project object */ = {
			isa = PBXProject;
			attributes = {
				LastSwiftUpdateCheck = 0810;
				LastUpgradeCheck = 0810;
				ORGANIZATIONNAME = YL;
				TargetAttributes = {
					B4B18B531E70E9450044C642 = {
						CreatedOnToolsVersion = 8.1;
						DevelopmentTeam = W55448EFBF;
						ProvisioningStyle = Automatic;
					};
					B4B18B671E70E9450044C642 = {
						CreatedOnToolsVersion = 8.1;
						DevelopmentTeam = W55448EFBF;
						ProvisioningStyle = Automatic;
						TestTargetID = B4B18B531E70E9450044C642;
					};
					B4B18B721E70E9450044C642 = {
						CreatedOnToolsVersion = 8.1;
						DevelopmentTeam = W55448EFBF;
						ProvisioningStyle = Automatic;
						TestTargetID = B4B18B531E70E9450044C642;
					};
				};
			};
			buildConfigurationList = B4B18B4F1E70E9450044C642 /* Build configuration list for PBXProject "PuzzleGame" */;
			compatibilityVersion = "Xcode 3.2";
			developmentRegion = English;
			hasScannedForEncodings = 0;
			knownRegions = (
				en,
				Base,
			);
			mainGroup = B4B18B4B1E70E9450044C642;
			productRefGroup = B4B18B551E70E9450044C642 /* Products */;
			projectDirPath = "";
			projectRoot = "";
			targets = (
				B4B18B531E70E9450044C642 /* PuzzleGame */,
				B4B18B671E70E9450044C642 /* PuzzleGameTests */,
				B4B18B721E70E9450044C642 /* PuzzleGameUITests */,
			);
		};
/* End PBXProject section */

/* Begin PBXResourcesBuildPhase section */
		B4B18B521E70E9450044C642 /* Resources */ = {
			isa = PBXResourcesBuildPhase;
			buildActionMask = 2147483647;
			files = (
				B4B18B621E70E9450044C642 /* LaunchScreen.storyboard in Resources */,
				B4B18B5F1E70E9450044C642 /* Assets.xcassets in Resources */,
				B4B18B5D1E70E9450044C642 /* Main.storyboard in Resources */,
			);
			runOnlyForDeploymentPostprocessing = 0;
		};
		B4B18B661E70E9450044C642 /* Resources */ = {
			isa = PBXResourcesBuildPhase;
			buildActionMask = 2147483647;
			files = (
			);
			runOnlyForDeploymentPostprocessing = 0;
		};
		B4B18B711E70E9450044C642 /* Resources */ = {
			isa = PBXResourcesBuildPhase;
			buildActionMask = 2147483647;
			files = (
			);
			runOnlyForDeploymentPostprocessing = 0;
		};
/* End PBXResourcesBuildPhase section */

/* Begin PBXSourcesBuildPhase section */
		B4B18B501E70E9450044C642 /* Sources */ = {
			isa = PBXSourcesBuildPhase;
			buildActionMask = 2147483647;
			files = (
				B4B18B881E70F20C0044C642 /* PuzzleView.swift in Sources */,
				B4B18B861E70E9AE0044C642 /* Puzzle.swift in Sources */,
				B4B18B5A1E70E9450044C642 /* ViewController.swift in Sources */,
				B4B18B581E70E9450044C642 /* AppDelegate.swift in Sources */,
			);
			runOnlyForDeploymentPostprocessing = 0;
		};
		B4B18B641E70E9450044C642 /* Sources */ = {
			isa = PBXSourcesBuildPhase;
			buildActionMask = 2147483647;
			files = (
				B4B18B6D1E70E9450044C642 /* PuzzleGameTests.swift in Sources */,
			);
			runOnlyForDeploymentPostprocessing = 0;
		};
		B4B18B6F1E70E9450044C642 /* Sources */ = {
			isa = PBXSourcesBuildPhase;
			buildActionMask = 2147483647;
			files = (
				B4B18B781E70E9450044C642 /* PuzzleGameUITests.swift in Sources */,
			);
			runOnlyForDeploymentPostprocessing = 0;
		};
/* End PBXSourcesBuildPhase section */

/* Begin PBXTargetDependency section */
		B4B18B6A1E70E9450044C642 /* PBXTargetDependency */ = {
			isa = PBXTargetDependency;
			target = B4B18B531E70E9450044C642 /* PuzzleGame */;
			targetProxy = B4B18B691E70E9450044C642 /* PBXContainerItemProxy */;
		};
		B4B18B751E70E9450044C642 /* PBXTargetDependency */ = {
			isa = PBXTargetDependency;
			target = B4B18B531E70E9450044C642 /* PuzzleGame */;
			targetProxy = B4B18B741E70E9450044C642 /* PBXContainerItemProxy */;
		};
/* End PBXTargetDependency section */

/* Begin PBXVariantGroup section */
		B4B18B5B1E70E9450044C642 /* Main.storyboard */ = {
			isa = PBXVariantGroup;
			children = (
				B4B18B5C1E70E9450044C642 /* Base */,
			);
			name = Main.storyboard;
			sourceTree = "<group>";
		};
		B4B18B601E70E9450044C642 /* LaunchScreen.storyboard */ = {
			isa = PBXVariantGroup;
			children = (
				B4B18B611E70E9450044C642 /* Base */,
			);
			name = LaunchScreen.storyboard;
			sourceTree = "<group>";
		};
/* End PBXVariantGroup section */

/* Begin XCBuildConfiguration section */
		B4B18B7A1E70E9450044C642 /* Debug */ = {
			isa = XCBuildConfiguration;
			buildSettings = {
				ALWAYS_SEARCH_USER_PATHS = NO;
				CLANG_ANALYZER_NONNULL = YES;
				CLANG_CXX_LANGUAGE_STANDARD = "gnu++0x";
				CLANG_CXX_LIBRARY = "libc++";
				CLANG_ENABLE_MODULES = YES;
				CLANG_ENABLE_OBJC_ARC = YES;
				CLANG_WARN_BOOL_CONVERSION = YES;
				CLANG_WARN_CONSTANT_CONVERSION = YES;
				CLANG_WARN_DIRECT_OBJC_ISA_USAGE = YES_ERROR;
				CLANG_WARN_DOCUMENTATION_COMMENTS = YES;
				CLANG_WARN_EMPTY_BODY = YES;
				CLANG_WARN_ENUM_CONVERSION = YES;
				CLANG_WARN_INFINITE_RECURSION = YES;
				CLANG_WARN_INT_CONVERSION = YES;
				CLANG_WARN_OBJC_ROOT_CLASS = YES_ERROR;
				CLANG_WARN_SUSPICIOUS_MOVES = YES;
				CLANG_WARN_UNREACHABLE_CODE = YES;
				CLANG_WARN__DUPLICATE_METHOD_MATCH = YES;
				"CODE_SIGN_IDENTITY[sdk=iphoneos*]" = "iPhone Developer";
				COPY_PHASE_STRIP = NO;
				DEBUG_INFORMATION_FORMAT = dwarf;
				ENABLE_STRICT_OBJC_MSGSEND = YES;
				ENABLE_TESTABILITY = YES;
				GCC_C_LANGUAGE_STANDARD = gnu99;
				GCC_DYNAMIC_NO_PIC = NO;
				GCC_NO_COMMON_BLOCKS = YES;
				GCC_OPTIMIZATION_LEVEL = 0;
				GCC_PREPROCESSOR_DEFINITIONS = (
					"DEBUG=1",
					"$(inherited)",
				);
				GCC_WARN_64_TO_32_BIT_CONVERSION = YES;
				GCC_WARN_ABOUT_RETURN_TYPE = YES_ERROR;
				GCC_WARN_UNDECLARED_SELECTOR = YES;
				GCC_WARN_UNINITIALIZED_AUTOS = YES_AGGRESSIVE;
				GCC_WARN_UNUSED_FUNCTION = YES;
				GCC_WARN_UNUSED_VARIABLE = YES;
				IPHONEOS_DEPLOYMENT_TARGET = 10.1;
				MTL_ENABLE_DEBUG_INFO = YES;
				ONLY_ACTIVE_ARCH = YES;
				SDKROOT = iphoneos;
				SWIFT_ACTIVE_COMPILATION_CONDITIONS = DEBUG;
				SWIFT_OPTIMIZATION_LEVEL = "-Onone";
			};
			name = Debug;
		};
		B4B18B7B1E70E9450044C642 /* Release */ = {
			isa = XCBuildConfiguration;
			buildSettings = {
				ALWAYS_SEARCH_USER_PATHS = NO;
				CLANG_ANALYZER_NONNULL = YES;
				CLANG_CXX_LANGUAGE_STANDARD = "gnu++0x";
				CLANG_CXX_LIBRARY = "libc++";
				CLANG_ENABLE_MODULES = YES;
				CLANG_ENABLE_OBJC_ARC = YES;
				CLANG_WARN_BOOL_CONVERSION = YES;
				CLANG_WARN_CONSTANT_CONVERSION = YES;
				CLANG_WARN_DIRECT_OBJC_ISA_USAGE = YES_ERROR;
				CLANG_WARN_DOCUMENTATION_COMMENTS = YES;
				CLANG_WARN_EMPTY_BODY = YES;
				CLANG_WARN_ENUM_CONVERSION = YES;
				CLANG_WARN_INFINITE_RECURSION = YES;
				CLANG_WARN_INT_CONVERSION = YES;
				CLANG_WARN_OBJC_ROOT_CLASS = YES_ERROR;
				CLANG_WARN_SUSPICIOUS_MOVES = YES;
				CLANG_WARN_UNREACHABLE_CODE = YES;
				CLANG_WARN__DUPLICATE_METHOD_MATCH = YES;
				"CODE_SIGN_IDENTITY[sdk=iphoneos*]" = "iPhone Developer";
				COPY_PHASE_STRIP = NO;
				DEBUG_INFORMATION_FORMAT = "dwarf-with-dsym";
				ENABLE_NS_ASSERTIONS = NO;
				ENABLE_STRICT_OBJC_MSGSEND = YES;
				GCC_C_LANGUAGE_STANDARD = gnu99;
				GCC_NO_COMMON_BLOCKS = YES;
				GCC_WARN_64_TO_32_BIT_CONVERSION = YES;
				GCC_WARN_ABOUT_RETURN_TYPE = YES_ERROR;
				GCC_WARN_UNDECLARED_SELECTOR = YES;
				GCC_WARN_UNINITIALIZED_AUTOS = YES_AGGRESSIVE;
				GCC_WARN_UNUSED_FUNCTION = YES;
				GCC_WARN_UNUSED_VARIABLE = YES;
				IPHONEOS_DEPLOYMENT_TARGET = 10.1;
				MTL_ENABLE_DEBUG_INFO = NO;
				SDKROOT = iphoneos;
				SWIFT_OPTIMIZATION_LEVEL = "-Owholemodule";
				VALIDATE_PRODUCT = YES;
			};
			name = Release;
		};
		B4B18B7D1E70E9450044C642 /* Debug */ = {
			isa = XCBuildConfiguration;
			buildSettings = {
				ASSETCATALOG_COMPILER_APPICON_NAME = AppIcon;
				DEVELOPMENT_TEAM = W55448EFBF;
				INFOPLIST_FILE = PuzzleGame/Info.plist;
				LD_RUNPATH_SEARCH_PATHS = "$(inherited) @executable_path/Frameworks";
				PRODUCT_BUNDLE_IDENTIFIER = com.yeliang.PuzzleGame;
				PRODUCT_NAME = "$(TARGET_NAME)";
				SWIFT_VERSION = 3.0;
			};
			name = Debug;
		};
		B4B18B7E1E70E9450044C642 /* Release */ = {
			isa = XCBuildConfiguration;
			buildSettings = {
				ASSETCATALOG_COMPILER_APPICON_NAME = AppIcon;
				DEVELOPMENT_TEAM = W55448EFBF;
				INFOPLIST_FILE = PuzzleGame/Info.plist;
				LD_RUNPATH_SEARCH_PATHS = "$(inherited) @executable_path/Frameworks";
				PRODUCT_BUNDLE_IDENTIFIER = com.yeliang.PuzzleGame;
				PRODUCT_NAME = "$(TARGET_NAME)";
				SWIFT_VERSION = 3.0;
			};
			name = Release;
		};
		B4B18B801E70E9450044C642 /* Debug */ = {
			isa = XCBuildConfiguration;
			buildSettings = {
				ALWAYS_EMBED_SWIFT_STANDARD_LIBRARIES = YES;
				BUNDLE_LOADER = "$(TEST_HOST)";
				DEVELOPMENT_TEAM = W55448EFBF;
				INFOPLIST_FILE = PuzzleGameTests/Info.plist;
				LD_RUNPATH_SEARCH_PATHS = "$(inherited) @executable_path/Frameworks @loader_path/Frameworks";
				PRODUCT_BUNDLE_IDENTIFIER = com.yeliang.PuzzleGameTests;
				PRODUCT_NAME = "$(TARGET_NAME)";
				SWIFT_VERSION = 3.0;
				TEST_HOST = "$(BUILT_PRODUCTS_DIR)/PuzzleGame.app/PuzzleGame";
			};
			name = Debug;
		};
		B4B18B811E70E9450044C642 /* Release */ = {
			isa = XCBuildConfiguration;
			buildSettings = {
				ALWAYS_EMBED_SWIFT_STANDARD_LIBRARIES = YES;
				BUNDLE_LOADER = "$(TEST_HOST)";
				DEVELOPMENT_TEAM = W55448EFBF;
				INFOPLIST_FILE = PuzzleGameTests/Info.plist;
				LD_RUNPATH_SEARCH_PATHS = "$(inherited) @executable_path/Frameworks @loader_path/Frameworks";
				PRODUCT_BUNDLE_IDENTIFIER = com.yeliang.PuzzleGameTests;
				PRODUCT_NAME = "$(TARGET_NAME)";
				SWIFT_VERSION = 3.0;
				TEST_HOST = "$(BUILT_PRODUCTS_DIR)/PuzzleGame.app/PuzzleGame";
			};
			name = Release;
		};
		B4B18B831E70E9450044C642 /* Debug */ = {
			isa = XCBuildConfiguration;
			buildSettings = {
				ALWAYS_EMBED_SWIFT_STANDARD_LIBRARIES = YES;
				DEVELOPMENT_TEAM = W55448EFBF;
				INFOPLIST_FILE = PuzzleGameUITests/Info.plist;
				LD_RUNPATH_SEARCH_PATHS = "$(inherited) @executable_path/Frameworks @loader_path/Frameworks";
				PRODUCT_BUNDLE_IDENTIFIER = com.yeliang.PuzzleGameUITests;
				PRODUCT_NAME = "$(TARGET_NAME)";
				SWIFT_VERSION = 3.0;
				TEST_TARGET_NAME = PuzzleGame;
			};
			name = Debug;
		};
		B4B18B841E70E9450044C642 /* Release */ = {
			isa = XCBuildConfiguration;
			buildSettings = {
				ALWAYS_EMBED_SWIFT_STANDARD_LIBRARIES = YES;
				DEVELOPMENT_TEAM = W55448EFBF;
				INFOPLIST_FILE = PuzzleGameUITests/Info.plist;
				LD_RUNPATH_SEARCH_PATHS = "$(inherited) @executable_path/Frameworks @loader_path/Frameworks";
				PRODUCT_BUNDLE_IDENTIFIER = com.yeliang.PuzzleGameUITests;
				PRODUCT_NAME = "$(TARGET_NAME)";
				SWIFT_VERSION = 3.0;
				TEST_TARGET_NAME = PuzzleGame;
			};
			name = Release;
		};
/* End XCBuildConfiguration section */

/* Begin XCConfigurationList section */
		B4B18B4F1E70E9450044C642 /* Build configuration list for PBXProject "PuzzleGame" */ = {
			isa = XCConfigurationList;
			buildConfigurations = (
				B4B18B7A1E70E9450044C642 /* Debug */,
				B4B18B7B1E70E9450044C642 /* Release */,
			);
			defaultConfigurationIsVisible = 0;
			defaultConfigurationName = Release;
		};
		B4B18B7C1E70E9450044C642 /* Build configuration list for PBXNativeTarget "PuzzleGame" */ = {
			isa = XCConfigurationList;
			buildConfigurations = (
				B4B18B7D1E70E9450044C642 /* Debug */,
				B4B18B7E1E70E9450044C642 /* Release */,
			);
			defaultConfigurationIsVisible = 0;
		};
		B4B18B7F1E70E9450044C642 /* Build configuration list for PBXNativeTarget "PuzzleGameTests" */ = {
			isa = XCConfigurationList;
			buildConfigurations = (
				B4B18B801E70E9450044C642 /* Debug */,
				B4B18B811E70E9450044C642 /* Release */,
			);
			defaultConfigurationIsVisible = 0;
		};
		B4B18B821E70E9450044C642 /* Build configuration list for PBXNativeTarget "PuzzleGameUITests" */ = {
			isa = XCConfigurationList;
			buildConfigurations = (
				B4B18B831E70E9450044C642 /* Debug */,
				B4B18B841E70E9450044C642 /* Release */,
			);
			defaultConfigurationIsVisible = 0;
		};
/* End XCConfigurationList section */
	};
	rootObject = B4B18B4C1E70E9450044C642 /* Project object */;
}
